
Microsoft Visual Studio Solution File, Format Version 11.00
# Visual Studio 2010
Project("{FAE04EC0-301F-11D3-BF4B-00C04F79EFBC}") = "Assembly-CSharp", "Assembly-CSharp.csproj", "{70C8D7F0-B3B3-A251-A6A8-627C9253E0FD}"
EndProject
Global
	GlobalSection(SolutionConfigurationPlatforms) = preSolution
		Debug|Any CPU = Debug|Any CPU
		Release|Any CPU = Release|Any CPU
	EndGlobalSection
	GlobalSection(ProjectConfigurationPlatforms) = postSolution
		{70C8D7F0-B3B3-A251-A6A8-627C9253E0FD}.Debug|Any CPU.ActiveCfg = Debug|Any CPU
		{70C8D7F0-B3B3-A251-A6A8-627C9253E0FD}.Debug|Any CPU.Build.0 = Debug|Any CPU
		{70C8D7F0-B3B3-A251-A6A8-627C9253E0FD}.Release|Any CPU.ActiveCfg = Release|Any CPU
		{70C8D7F0-B3B3-A251-A6A8-627C9253E0FD}.Release|Any CPU.Build.0 = Release|Any CPU
	EndGlobalSection
	GlobalSection(SolutionProperties) = preSolution
		HideSolutionNode = FALSE
	EndGlobalSection
	GlobalSection(MonoDevelopProperties) = preSolution
		StartupItem = Assembly-CSharp.csproj
	EndGlobalSection
EndGlobal
